
Microsoft Visual Studio Solution File, Format Version 12.00
# Visual Studio Version 17
VisualStudioVersion = 17.2.32630.192
MinimumVisualStudioVersion = 10.0.40219.1
Project("{FAE04EC0-301F-11D3-BF4B-00C04F79EFBC}") = "GiftCertificateMinimalApi", "GiftCertificateMinimalApi\GiftCertificateMinimalApi.csproj", "{51E60ED8-C263-4686-A146-E1D0B313016E}"
EndProject
Global
	GlobalSection(SolutionConfigurationPlatforms) = preSolution
		Debug|Any CPU = Debug|Any CPU
		Release|Any CPU = Release|Any CPU
	EndGlobalSection
	GlobalSection(ProjectConfigurationPlatforms) = postSolution
		{51E60ED8-C263-4686-A146-E1D0B313016E}.Debug|Any CPU.ActiveCfg = Debug|Any CPU
		{51E60ED8-C263-4686-A146-E1D0B313016E}.Debug|Any CPU.Build.0 = Debug|Any CPU
		{51E60ED8-C263-4686-A146-E1D0B313016E}.Release|Any CPU.ActiveCfg = Release|Any CPU
		{51E60ED8-C263-4686-A146-E1D0B313016E}.Release|Any CPU.Build.0 = Release|Any CPU
	EndGlobalSection
	GlobalSection(SolutionProperties) = preSolution
		HideSolutionNode = FALSE
	EndGlobalSection
	GlobalSection(ExtensibilityGlobals) = postSolution
		SolutionGuid = {06D5154C-4B8F-49AA-A0A3-BA8EB00C57F9}
	EndGlobalSection
EndGlobal
