
Microsoft Visual Studio Solution File, Format Version 12.00
# Visual Studio Version 17
VisualStudioVersion = 17.2.32630.192
MinimumVisualStudioVersion = 10.0.40219.1
Project("{9A19103F-16F7-4668-BE54-9A1E7A4F7556}") = "GiftCertificateMinimalApi", "GiftCertificateMinimalApi\GiftCertificateMinimalApi.csproj", "{51E60ED8-C263-4686-A146-E1D0B313016E}"
EndProject
Project("{2150E333-8FDC-42A3-9474-1A3956D46DE8}") = "Testing", "Testing", "{789B0BD3-7393-45DB-B660-8CBA59CF9CCD}"
EndProject
Project("{FAE04EC0-301F-11D3-BF4B-00C04F79EFBC}") = "GiftCertificateMinimalApi.Tests.Integration", "GiftCertificateMinimalApi.Tests.Integration\GiftCertificateMinimalApi.Tests.Integration.csproj", "{BFF135F8-C91C-465C-9D0B-8985D05BF2C9}"
EndProject
Global
	GlobalSection(SolutionConfigurationPlatforms) = preSolution
		Debug|Any CPU = Debug|Any CPU
		Release|Any CPU = Release|Any CPU
	EndGlobalSection
	GlobalSection(ProjectConfigurationPlatforms) = postSolution
		{51E60ED8-C263-4686-A146-E1D0B313016E}.Debug|Any CPU.ActiveCfg = Debug|Any CPU
		{51E60ED8-C263-4686-A146-E1D0B313016E}.Debug|Any CPU.Build.0 = Debug|Any CPU
		{51E60ED8-C263-4686-A146-E1D0B313016E}.Release|Any CPU.ActiveCfg = Release|Any CPU
		{51E60ED8-C263-4686-A146-E1D0B313016E}.Release|Any CPU.Build.0 = Release|Any CPU
		{BFF135F8-C91C-465C-9D0B-8985D05BF2C9}.Debug|Any CPU.ActiveCfg = Debug|Any CPU
		{BFF135F8-C91C-465C-9D0B-8985D05BF2C9}.Debug|Any CPU.Build.0 = Debug|Any CPU
		{BFF135F8-C91C-465C-9D0B-8985D05BF2C9}.Release|Any CPU.ActiveCfg = Release|Any CPU
		{BFF135F8-C91C-465C-9D0B-8985D05BF2C9}.Release|Any CPU.Build.0 = Release|Any CPU
	EndGlobalSection
	GlobalSection(SolutionProperties) = preSolution
		HideSolutionNode = FALSE
	EndGlobalSection
	GlobalSection(NestedProjects) = preSolution
		{BFF135F8-C91C-465C-9D0B-8985D05BF2C9} = {789B0BD3-7393-45DB-B660-8CBA59CF9CCD}
	EndGlobalSection
	GlobalSection(ExtensibilityGlobals) = postSolution
		SolutionGuid = {06D5154C-4B8F-49AA-A0A3-BA8EB00C57F9}
	EndGlobalSection
EndGlobal
